
Microsoft Visual Studio Solution File, Format Version 12.00
# Visual Studio Version 16
VisualStudioVersion = 16.6.30114.105
MinimumVisualStudioVersion = 10.0.40219.1
Project("{FAE04EC0-301F-11D3-BF4B-00C04F79EFBC}") = "Penguin.Random.Local", "Penguin.Random.Local.csproj", "{83C6A98D-43F6-4E17-BA81-F46F79DF7953}"
EndProject
Project("{FAE04EC0-301F-11D3-BF4B-00C04F79EFBC}") = "Penguin.Extensions.Math.Local", "..\Penguin.Extensions.Math\Penguin.Extensions.Math.Local.csproj", "{CF069F5A-2D70-47E1-A549-5DE36496532F}"
EndProject
Global
	GlobalSection(SolutionConfigurationPlatforms) = preSolution
		Debug|Any CPU = Debug|Any CPU
		Debug|x64 = Debug|x64
		Debug|x86 = Debug|x86
		Release|Any CPU = Release|Any CPU
		Release|x64 = Release|x64
		Release|x86 = Release|x86
	EndGlobalSection
	GlobalSection(SolutionProperties) = preSolution
		HideSolutionNode = FALSE
	EndGlobalSection
	GlobalSection(ProjectConfigurationPlatforms) = postSolution
		{83C6A98D-43F6-4E17-BA81-F46F79DF7953}.Debug|Any CPU.ActiveCfg = Debug|Any CPU
		{83C6A98D-43F6-4E17-BA81-F46F79DF7953}.Debug|Any CPU.Build.0 = Debug|Any CPU
		{83C6A98D-43F6-4E17-BA81-F46F79DF7953}.Debug|x64.ActiveCfg = Debug|Any CPU
		{83C6A98D-43F6-4E17-BA81-F46F79DF7953}.Debug|x64.Build.0 = Debug|Any CPU
		{83C6A98D-43F6-4E17-BA81-F46F79DF7953}.Debug|x86.ActiveCfg = Debug|Any CPU
		{83C6A98D-43F6-4E17-BA81-F46F79DF7953}.Debug|x86.Build.0 = Debug|Any CPU
		{83C6A98D-43F6-4E17-BA81-F46F79DF7953}.Release|Any CPU.ActiveCfg = Release|Any CPU
		{83C6A98D-43F6-4E17-BA81-F46F79DF7953}.Release|Any CPU.Build.0 = Release|Any CPU
		{83C6A98D-43F6-4E17-BA81-F46F79DF7953}.Release|x64.ActiveCfg = Release|Any CPU
		{83C6A98D-43F6-4E17-BA81-F46F79DF7953}.Release|x64.Build.0 = Release|Any CPU
		{83C6A98D-43F6-4E17-BA81-F46F79DF7953}.Release|x86.ActiveCfg = Release|Any CPU
		{83C6A98D-43F6-4E17-BA81-F46F79DF7953}.Release|x86.Build.0 = Release|Any CPU
		{CF069F5A-2D70-47E1-A549-5DE36496532F}.Debug|Any CPU.ActiveCfg = Debug|Any CPU
		{CF069F5A-2D70-47E1-A549-5DE36496532F}.Debug|Any CPU.Build.0 = Debug|Any CPU
		{CF069F5A-2D70-47E1-A549-5DE36496532F}.Debug|x64.ActiveCfg = Debug|Any CPU
		{CF069F5A-2D70-47E1-A549-5DE36496532F}.Debug|x64.Build.0 = Debug|Any CPU
		{CF069F5A-2D70-47E1-A549-5DE36496532F}.Debug|x86.ActiveCfg = Debug|Any CPU
		{CF069F5A-2D70-47E1-A549-5DE36496532F}.Debug|x86.Build.0 = Debug|Any CPU
		{CF069F5A-2D70-47E1-A549-5DE36496532F}.Release|Any CPU.ActiveCfg = Release|Any CPU
		{CF069F5A-2D70-47E1-A549-5DE36496532F}.Release|Any CPU.Build.0 = Release|Any CPU
		{CF069F5A-2D70-47E1-A549-5DE36496532F}.Release|x64.ActiveCfg = Release|Any CPU
		{CF069F5A-2D70-47E1-A549-5DE36496532F}.Release|x64.Build.0 = Release|Any CPU
		{CF069F5A-2D70-47E1-A549-5DE36496532F}.Release|x86.ActiveCfg = Release|Any CPU
		{CF069F5A-2D70-47E1-A549-5DE36496532F}.Release|x86.Build.0 = Release|Any CPU
	EndGlobalSection
EndGlobal
